
Microsoft Visual Studio Solution File, Format Version 12.00
# Visual Studio Version 17
VisualStudioVersion = 17.0.31903.59
MinimumVisualStudioVersion = 10.0.40219.1
Project("{2150E333-8FDC-42A3-9474-1A3956D46DE8}") = "src", "src", "{9DE6FA7E-CE7F-48E2-ADB8-C81404B98084}"
EndProject
Project("{FAE04EC0-301F-11D3-BF4B-00C04F79EFBC}") = "Webion.AspNetCore", "src\Webion.AspNetCore\Webion.AspNetCore.csproj", "{207A4AFB-F58E-40D4-AF9B-62A05D6413C4}"
EndProject
Project("{FAE04EC0-301F-11D3-BF4B-00C04F79EFBC}") = "Webion.Extensions.DependencyInjection", "src\Webion.Extensions.DependencyInjection\Webion.Extensions.DependencyInjection.csproj", "{612868D4-4234-41F4-B3C9-2E0D153C27BD}"
EndProject
Project("{FAE04EC0-301F-11D3-BF4B-00C04F79EFBC}") = "Webion.Extensions.Linq", "src\Webion.Extensions.Linq\Webion.Extensions.Linq.csproj", "{6BB4FCFF-ECD5-4AC0-ABB0-0A9E7191B118}"
EndProject
Project("{FAE04EC0-301F-11D3-BF4B-00C04F79EFBC}") = "Webion.Extensions.EntityFrameworkCore", "src\Webion.Extensions.EntityFrameworkCore\Webion.Extensions.EntityFrameworkCore.csproj", "{ACA88A63-51C5-4763-8CA5-4EA0FCF2DD88}"
EndProject
Project("{FAE04EC0-301F-11D3-BF4B-00C04F79EFBC}") = "Webion.Extensions.Linq.Abstractions", "src\Webion.Extensions.Linq.Abstractions\Webion.Extensions.Linq.Abstractions.csproj", "{BE717398-41AC-4CC7-9855-5129CAC22A1B}"
EndProject
Project("{2150E333-8FDC-42A3-9474-1A3956D46DE8}") = "test", "test", "{6615B373-5573-4C8D-A7A3-BB97EDAA561E}"
EndProject
Project("{FAE04EC0-301F-11D3-BF4B-00C04F79EFBC}") = "Webion.Extensions.Linq.UnitTests", "test\Webion.Extensions.Linq.UnitTests\Webion.Extensions.Linq.UnitTests.csproj", "{CA2BFC91-C520-49E4-9CC9-777D4D315787}"
EndProject
Project("{FAE04EC0-301F-11D3-BF4B-00C04F79EFBC}") = "Webion.Extensions.AspNetCore.FluentValidation", "src\Webion.Extensions.AspNetCore.FluentValidation\Webion.Extensions.AspNetCore.FluentValidation.csproj", "{E32DF511-2489-4C72-8EB6-F4A26F7FF6C0}"
EndProject
Project("{FAE04EC0-301F-11D3-BF4B-00C04F79EFBC}") = "Webion.Extensions.Quartz.DependencyInjection", "src\Webion.Extensions.Quartz.DependencyInjection\Webion.Extensions.Quartz.DependencyInjection.csproj", "{37FB9A1D-8585-42A6-AF8A-8DF8CA159B66}"
EndProject
Project("{FAE04EC0-301F-11D3-BF4B-00C04F79EFBC}") = "Webion.Extensions.EntityFrameworkCore.ChangeTracking", "src\Webion.Extensions.EntityFrameworkCore.ChangeTracking\Webion.Extensions.EntityFrameworkCore.ChangeTracking.csproj", "{D3FCEB5D-B626-40A5-BDEC-D7D065B93EBC}"
EndProject
Project("{2150E333-8FDC-42A3-9474-1A3956D46DE8}") = "clickup", "clickup", "{568A3014-0777-4FFC-8E33-B0A4C968F4C5}"
EndProject
Project("{FAE04EC0-301F-11D3-BF4B-00C04F79EFBC}") = "Webion.ClickUp.Api.v2", "src\clickup\Webion.ClickUp.Api.v2\Webion.ClickUp.Api.v2.csproj", "{54BFEF7C-36F5-4DB7-A850-772EB303A543}"
EndProject
Project("{FAE04EC0-301F-11D3-BF4B-00C04F79EFBC}") = "Webion.Extensions.AspNetCore.Authentication.ClickUp", "src\clickup\Webion.Extensions.AspNetCore.Authentication.ClickUp\Webion.Extensions.AspNetCore.Authentication.ClickUp.csproj", "{A67B9911-48F8-42BD-A84A-5065DE3432A1}"
EndProject
Project("{FAE04EC0-301F-11D3-BF4B-00C04F79EFBC}") = "Webion.Auth.ClickUp.Api", "test\Webion.Auth.ClickUp.Api\Webion.Auth.ClickUp.Api.csproj", "{5F364C32-82E1-4EB7-BA8F-CA9CD437E1F5}"
EndProject
Project("{2150E333-8FDC-42A3-9474-1A3956D46DE8}") = "environment", "environment", "{A177711C-EAD3-4F02-97D9-BB038100C6F4}"
EndProject
Project("{FAE04EC0-301F-11D3-BF4B-00C04F79EFBC}") = "Webion.Extensions.Configuration.Npgsql", "environment\Webion.Extensions.Configuration.Npgsql\Webion.Extensions.Configuration.Npgsql.csproj", "{44C1F85B-F112-4E75-9D55-B91A2ED69EFC}"
EndProject
Project("{FAE04EC0-301F-11D3-BF4B-00C04F79EFBC}") = "Webion.Extensions.Configuration.Npgsql.Abstractions", "environment\Webion.Extensions.Configuration.Npgsql.Abstractions\Webion.Extensions.Configuration.Npgsql.Abstractions.csproj", "{FDE76C8E-734D-4095-B9A4-32D24A92E148}"
EndProject
Global
	GlobalSection(SolutionConfigurationPlatforms) = preSolution
		Debug|Any CPU = Debug|Any CPU
		Release|Any CPU = Release|Any CPU
	EndGlobalSection
	GlobalSection(SolutionProperties) = preSolution
		HideSolutionNode = FALSE
	EndGlobalSection
	GlobalSection(ProjectConfigurationPlatforms) = postSolution
		{207A4AFB-F58E-40D4-AF9B-62A05D6413C4}.Debug|Any CPU.ActiveCfg = Debug|Any CPU
		{207A4AFB-F58E-40D4-AF9B-62A05D6413C4}.Debug|Any CPU.Build.0 = Debug|Any CPU
		{207A4AFB-F58E-40D4-AF9B-62A05D6413C4}.Release|Any CPU.ActiveCfg = Release|Any CPU
		{207A4AFB-F58E-40D4-AF9B-62A05D6413C4}.Release|Any CPU.Build.0 = Release|Any CPU
		{612868D4-4234-41F4-B3C9-2E0D153C27BD}.Debug|Any CPU.ActiveCfg = Debug|Any CPU
		{612868D4-4234-41F4-B3C9-2E0D153C27BD}.Debug|Any CPU.Build.0 = Debug|Any CPU
		{612868D4-4234-41F4-B3C9-2E0D153C27BD}.Release|Any CPU.ActiveCfg = Release|Any CPU
		{612868D4-4234-41F4-B3C9-2E0D153C27BD}.Release|Any CPU.Build.0 = Release|Any CPU
		{6BB4FCFF-ECD5-4AC0-ABB0-0A9E7191B118}.Debug|Any CPU.ActiveCfg = Debug|Any CPU
		{6BB4FCFF-ECD5-4AC0-ABB0-0A9E7191B118}.Debug|Any CPU.Build.0 = Debug|Any CPU
		{6BB4FCFF-ECD5-4AC0-ABB0-0A9E7191B118}.Release|Any CPU.ActiveCfg = Release|Any CPU
		{6BB4FCFF-ECD5-4AC0-ABB0-0A9E7191B118}.Release|Any CPU.Build.0 = Release|Any CPU
		{ACA88A63-51C5-4763-8CA5-4EA0FCF2DD88}.Debug|Any CPU.ActiveCfg = Debug|Any CPU
		{ACA88A63-51C5-4763-8CA5-4EA0FCF2DD88}.Debug|Any CPU.Build.0 = Debug|Any CPU
		{ACA88A63-51C5-4763-8CA5-4EA0FCF2DD88}.Release|Any CPU.ActiveCfg = Release|Any CPU
		{ACA88A63-51C5-4763-8CA5-4EA0FCF2DD88}.Release|Any CPU.Build.0 = Release|Any CPU
		{BE717398-41AC-4CC7-9855-5129CAC22A1B}.Debug|Any CPU.ActiveCfg = Debug|Any CPU
		{BE717398-41AC-4CC7-9855-5129CAC22A1B}.Debug|Any CPU.Build.0 = Debug|Any CPU
		{BE717398-41AC-4CC7-9855-5129CAC22A1B}.Release|Any CPU.ActiveCfg = Release|Any CPU
		{BE717398-41AC-4CC7-9855-5129CAC22A1B}.Release|Any CPU.Build.0 = Release|Any CPU
		{CA2BFC91-C520-49E4-9CC9-777D4D315787}.Debug|Any CPU.ActiveCfg = Debug|Any CPU
		{CA2BFC91-C520-49E4-9CC9-777D4D315787}.Debug|Any CPU.Build.0 = Debug|Any CPU
		{CA2BFC91-C520-49E4-9CC9-777D4D315787}.Release|Any CPU.ActiveCfg = Release|Any CPU
		{CA2BFC91-C520-49E4-9CC9-777D4D315787}.Release|Any CPU.Build.0 = Release|Any CPU
		{E32DF511-2489-4C72-8EB6-F4A26F7FF6C0}.Debug|Any CPU.ActiveCfg = Debug|Any CPU
		{E32DF511-2489-4C72-8EB6-F4A26F7FF6C0}.Debug|Any CPU.Build.0 = Debug|Any CPU
		{E32DF511-2489-4C72-8EB6-F4A26F7FF6C0}.Release|Any CPU.ActiveCfg = Release|Any CPU
		{E32DF511-2489-4C72-8EB6-F4A26F7FF6C0}.Release|Any CPU.Build.0 = Release|Any CPU
		{37FB9A1D-8585-42A6-AF8A-8DF8CA159B66}.Debug|Any CPU.ActiveCfg = Debug|Any CPU
		{37FB9A1D-8585-42A6-AF8A-8DF8CA159B66}.Debug|Any CPU.Build.0 = Debug|Any CPU
		{37FB9A1D-8585-42A6-AF8A-8DF8CA159B66}.Release|Any CPU.ActiveCfg = Release|Any CPU
		{37FB9A1D-8585-42A6-AF8A-8DF8CA159B66}.Release|Any CPU.Build.0 = Release|Any CPU
		{D3FCEB5D-B626-40A5-BDEC-D7D065B93EBC}.Debug|Any CPU.ActiveCfg = Debug|Any CPU
		{D3FCEB5D-B626-40A5-BDEC-D7D065B93EBC}.Debug|Any CPU.Build.0 = Debug|Any CPU
		{D3FCEB5D-B626-40A5-BDEC-D7D065B93EBC}.Release|Any CPU.ActiveCfg = Release|Any CPU
		{D3FCEB5D-B626-40A5-BDEC-D7D065B93EBC}.Release|Any CPU.Build.0 = Release|Any CPU
		{54BFEF7C-36F5-4DB7-A850-772EB303A543}.Debug|Any CPU.ActiveCfg = Debug|Any CPU
		{54BFEF7C-36F5-4DB7-A850-772EB303A543}.Debug|Any CPU.Build.0 = Debug|Any CPU
		{54BFEF7C-36F5-4DB7-A850-772EB303A543}.Release|Any CPU.ActiveCfg = Release|Any CPU
		{54BFEF7C-36F5-4DB7-A850-772EB303A543}.Release|Any CPU.Build.0 = Release|Any CPU
		{A67B9911-48F8-42BD-A84A-5065DE3432A1}.Debug|Any CPU.ActiveCfg = Debug|Any CPU
		{A67B9911-48F8-42BD-A84A-5065DE3432A1}.Debug|Any CPU.Build.0 = Debug|Any CPU
		{A67B9911-48F8-42BD-A84A-5065DE3432A1}.Release|Any CPU.ActiveCfg = Release|Any CPU
		{A67B9911-48F8-42BD-A84A-5065DE3432A1}.Release|Any CPU.Build.0 = Release|Any CPU
		{5F364C32-82E1-4EB7-BA8F-CA9CD437E1F5}.Debug|Any CPU.ActiveCfg = Debug|Any CPU
		{5F364C32-82E1-4EB7-BA8F-CA9CD437E1F5}.Debug|Any CPU.Build.0 = Debug|Any CPU
		{5F364C32-82E1-4EB7-BA8F-CA9CD437E1F5}.Release|Any CPU.ActiveCfg = Release|Any CPU
		{5F364C32-82E1-4EB7-BA8F-CA9CD437E1F5}.Release|Any CPU.Build.0 = Release|Any CPU
		{44C1F85B-F112-4E75-9D55-B91A2ED69EFC}.Debug|Any CPU.ActiveCfg = Debug|Any CPU
		{44C1F85B-F112-4E75-9D55-B91A2ED69EFC}.Debug|Any CPU.Build.0 = Debug|Any CPU
		{44C1F85B-F112-4E75-9D55-B91A2ED69EFC}.Release|Any CPU.ActiveCfg = Release|Any CPU
		{44C1F85B-F112-4E75-9D55-B91A2ED69EFC}.Release|Any CPU.Build.0 = Release|Any CPU
		{FDE76C8E-734D-4095-B9A4-32D24A92E148}.Debug|Any CPU.ActiveCfg = Debug|Any CPU
		{FDE76C8E-734D-4095-B9A4-32D24A92E148}.Debug|Any CPU.Build.0 = Debug|Any CPU
		{FDE76C8E-734D-4095-B9A4-32D24A92E148}.Release|Any CPU.ActiveCfg = Release|Any CPU
		{FDE76C8E-734D-4095-B9A4-32D24A92E148}.Release|Any CPU.Build.0 = Release|Any CPU
	EndGlobalSection
	GlobalSection(NestedProjects) = preSolution
		{207A4AFB-F58E-40D4-AF9B-62A05D6413C4} = {9DE6FA7E-CE7F-48E2-ADB8-C81404B98084}
		{612868D4-4234-41F4-B3C9-2E0D153C27BD} = {9DE6FA7E-CE7F-48E2-ADB8-C81404B98084}
		{6BB4FCFF-ECD5-4AC0-ABB0-0A9E7191B118} = {9DE6FA7E-CE7F-48E2-ADB8-C81404B98084}
		{ACA88A63-51C5-4763-8CA5-4EA0FCF2DD88} = {9DE6FA7E-CE7F-48E2-ADB8-C81404B98084}
		{BE717398-41AC-4CC7-9855-5129CAC22A1B} = {9DE6FA7E-CE7F-48E2-ADB8-C81404B98084}
		{CA2BFC91-C520-49E4-9CC9-777D4D315787} = {6615B373-5573-4C8D-A7A3-BB97EDAA561E}
		{E32DF511-2489-4C72-8EB6-F4A26F7FF6C0} = {9DE6FA7E-CE7F-48E2-ADB8-C81404B98084}
		{37FB9A1D-8585-42A6-AF8A-8DF8CA159B66} = {9DE6FA7E-CE7F-48E2-ADB8-C81404B98084}
		{D3FCEB5D-B626-40A5-BDEC-D7D065B93EBC} = {9DE6FA7E-CE7F-48E2-ADB8-C81404B98084}
		{568A3014-0777-4FFC-8E33-B0A4C968F4C5} = {9DE6FA7E-CE7F-48E2-ADB8-C81404B98084}
		{54BFEF7C-36F5-4DB7-A850-772EB303A543} = {568A3014-0777-4FFC-8E33-B0A4C968F4C5}
		{A67B9911-48F8-42BD-A84A-5065DE3432A1} = {568A3014-0777-4FFC-8E33-B0A4C968F4C5}
		{5F364C32-82E1-4EB7-BA8F-CA9CD437E1F5} = {6615B373-5573-4C8D-A7A3-BB97EDAA561E}
		{A177711C-EAD3-4F02-97D9-BB038100C6F4} = {9DE6FA7E-CE7F-48E2-ADB8-C81404B98084}
		{44C1F85B-F112-4E75-9D55-B91A2ED69EFC} = {A177711C-EAD3-4F02-97D9-BB038100C6F4}
		{FDE76C8E-734D-4095-B9A4-32D24A92E148} = {A177711C-EAD3-4F02-97D9-BB038100C6F4}
	EndGlobalSection
EndGlobal
